
Microsoft Visual Studio Solution File, Format Version 12.00
# Visual Studio 15
VisualStudioVersion = 15.0.28307.779
MinimumVisualStudioVersion = 10.0.40219.1
Project("{FAE04EC0-301F-11D3-BF4B-00C04F79EFBC}") = "rasterizer-dotnet-core", "rasterizer-dotnet-core.csproj", "{96A182CC-CD82-4D17-B020-06C68C5A8486}"
EndProject
Global
	GlobalSection(SolutionConfigurationPlatforms) = preSolution
		Debug|Any CPU = Debug|Any CPU
		Release|Any CPU = Release|Any CPU
	EndGlobalSection
	GlobalSection(ProjectConfigurationPlatforms) = postSolution
		{96A182CC-CD82-4D17-B020-06C68C5A8486}.Debug|Any CPU.ActiveCfg = Debug|Any CPU
		{96A182CC-CD82-4D17-B020-06C68C5A8486}.Debug|Any CPU.Build.0 = Debug|Any CPU
		{96A182CC-CD82-4D17-B020-06C68C5A8486}.Release|Any CPU.ActiveCfg = Release|Any CPU
		{96A182CC-CD82-4D17-B020-06C68C5A8486}.Release|Any CPU.Build.0 = Release|Any CPU
	EndGlobalSection
	GlobalSection(SolutionProperties) = preSolution
		HideSolutionNode = FALSE
	EndGlobalSection
	GlobalSection(ExtensibilityGlobals) = postSolution
		SolutionGuid = {BBFE3E9E-30B4-461A-B9BF-7B7353088619}
	EndGlobalSection
EndGlobal
